
Microsoft Visual Studio Solution File, Format Version 12.00
# Visual Studio Version 17
VisualStudioVersion = 17.0.32014.148
MinimumVisualStudioVersion = 10.0.40219.1
Project("{9A19103F-16F7-4668-BE54-9A1E7A4F7556}") = "Rampastring.XNAUI", "Rampastring.XNAUI.csproj", "{3EAF996D-7F03-433B-A9A5-17E69AC97C76}"
EndProject
Global
	GlobalSection(SolutionConfigurationPlatforms) = preSolution
		Debug|Any CPU = Debug|Any CPU
		Debug|FNA = Debug|FNA
		Debug|Windows = Debug|Windows
		Debug|WindowsGL = Debug|WindowsGL
		Debug|XNAFramework = Debug|XNAFramework
		Release|Any CPU = Release|Any CPU
		Release|FNA = Release|FNA
		Release|Windows = Release|Windows
		Release|WindowsGL = Release|WindowsGL
		Release|XNAFramework = Release|XNAFramework
	EndGlobalSection
	GlobalSection(ProjectConfigurationPlatforms) = postSolution
		{3EAF996D-7F03-433B-A9A5-17E69AC97C76}.Debug|Any CPU.ActiveCfg = Debug|Any CPU
		{3EAF996D-7F03-433B-A9A5-17E69AC97C76}.Debug|Any CPU.Build.0 = Debug|Any CPU
		{3EAF996D-7F03-433B-A9A5-17E69AC97C76}.Debug|FNA.ActiveCfg = Debug|FNA
		{3EAF996D-7F03-433B-A9A5-17E69AC97C76}.Debug|FNA.Build.0 = Debug|FNA
		{3EAF996D-7F03-433B-A9A5-17E69AC97C76}.Debug|Windows.ActiveCfg = Debug|Windows
		{3EAF996D-7F03-433B-A9A5-17E69AC97C76}.Debug|Windows.Build.0 = Debug|Windows
		{3EAF996D-7F03-433B-A9A5-17E69AC97C76}.Debug|WindowsGL.ActiveCfg = Debug|WindowsGL
		{3EAF996D-7F03-433B-A9A5-17E69AC97C76}.Debug|WindowsGL.Build.0 = Debug|WindowsGL
		{3EAF996D-7F03-433B-A9A5-17E69AC97C76}.Debug|XNAFramework.ActiveCfg = Debug|XNAFramework
		{3EAF996D-7F03-433B-A9A5-17E69AC97C76}.Debug|XNAFramework.Build.0 = Debug|XNAFramework
		{3EAF996D-7F03-433B-A9A5-17E69AC97C76}.Release|Any CPU.ActiveCfg = Release|Any CPU
		{3EAF996D-7F03-433B-A9A5-17E69AC97C76}.Release|Any CPU.Build.0 = Release|Any CPU
		{3EAF996D-7F03-433B-A9A5-17E69AC97C76}.Release|FNA.ActiveCfg = Release|XNAFramework
		{3EAF996D-7F03-433B-A9A5-17E69AC97C76}.Release|FNA.Build.0 = Release|XNAFramework
		{3EAF996D-7F03-433B-A9A5-17E69AC97C76}.Release|Windows.ActiveCfg = Release|Windows
		{3EAF996D-7F03-433B-A9A5-17E69AC97C76}.Release|Windows.Build.0 = Release|Windows
		{3EAF996D-7F03-433B-A9A5-17E69AC97C76}.Release|WindowsGL.ActiveCfg = Release|WindowsGL
		{3EAF996D-7F03-433B-A9A5-17E69AC97C76}.Release|WindowsGL.Build.0 = Release|WindowsGL
		{3EAF996D-7F03-433B-A9A5-17E69AC97C76}.Release|XNAFramework.ActiveCfg = Release|XNAFramework
		{3EAF996D-7F03-433B-A9A5-17E69AC97C76}.Release|XNAFramework.Build.0 = Release|XNAFramework
	EndGlobalSection
	GlobalSection(SolutionProperties) = preSolution
		HideSolutionNode = FALSE
	EndGlobalSection
	GlobalSection(ExtensibilityGlobals) = postSolution
		SolutionGuid = {CF80FFD1-1149-47FA-99C6-12472921AC37}
	EndGlobalSection
EndGlobal
